
Microsoft Visual Studio Solution File, Format Version 12.00
# Visual Studio Version 17
VisualStudioVersion = 17.8.34227.203
MinimumVisualStudioVersion = 10.0.40219.1
Project("{FAE04EC0-301F-11D3-BF4B-00C04F79EFBC}") = "LettheLearningBegin", "LettheLearningBegin\LettheLearningBegin.csproj", "{F67EB1DD-F0D0-4A0C-A867-82731C8C50DB}"
EndProject
Global
	GlobalSection(SolutionConfigurationPlatforms) = preSolution
		Debug|Any CPU = Debug|Any CPU
		Release|Any CPU = Release|Any CPU
	EndGlobalSection
	GlobalSection(ProjectConfigurationPlatforms) = postSolution
		{F67EB1DD-F0D0-4A0C-A867-82731C8C50DB}.Debug|Any CPU.ActiveCfg = Debug|Any CPU
		{F67EB1DD-F0D0-4A0C-A867-82731C8C50DB}.Debug|Any CPU.Build.0 = Debug|Any CPU
		{F67EB1DD-F0D0-4A0C-A867-82731C8C50DB}.Release|Any CPU.ActiveCfg = Release|Any CPU
		{F67EB1DD-F0D0-4A0C-A867-82731C8C50DB}.Release|Any CPU.Build.0 = Release|Any CPU
	EndGlobalSection
	GlobalSection(SolutionProperties) = preSolution
		HideSolutionNode = FALSE
	EndGlobalSection
	GlobalSection(ExtensibilityGlobals) = postSolution
		SolutionGuid = {5A374F9A-BDF2-45B8-A81B-7A8AE74F432B}
	EndGlobalSection
EndGlobal
